
Microsoft Visual Studio Solution File, Format Version 12.00
# Visual Studio Version 17
VisualStudioVersion = 17.7.34031.279
MinimumVisualStudioVersion = 10.0.40219.1
Project("{FAE04EC0-301F-11D3-BF4B-00C04F79EFBC}") = "DbFIirst", "DbFIirst\DbFIirst.csproj", "{6FA26CB7-1EC2-46F1-A460-3605C54779B9}"
EndProject
Project("{2150E333-8FDC-42A3-9474-1A3956D46DE8}") = "Solution Items", "Solution Items", "{D17B6C9E-E85A-4385-B8D2-D8EC365116F5}"
	ProjectSection(SolutionItems) = preProject
		Notes.txt = Notes.txt
	EndProjectSection
EndProject
Project("{FAE04EC0-301F-11D3-BF4B-00C04F79EFBC}") = "CodeFirstDemo", "CodeFirstDemo\CodeFirstDemo.csproj", "{E3613B04-D712-48DE-908A-FED3B6CC5765}"
EndProject
Global
	GlobalSection(SolutionConfigurationPlatforms) = preSolution
		Debug|Any CPU = Debug|Any CPU
		Release|Any CPU = Release|Any CPU
	EndGlobalSection
	GlobalSection(ProjectConfigurationPlatforms) = postSolution
		{6FA26CB7-1EC2-46F1-A460-3605C54779B9}.Debug|Any CPU.ActiveCfg = Debug|Any CPU
		{6FA26CB7-1EC2-46F1-A460-3605C54779B9}.Debug|Any CPU.Build.0 = Debug|Any CPU
		{6FA26CB7-1EC2-46F1-A460-3605C54779B9}.Release|Any CPU.ActiveCfg = Release|Any CPU
		{6FA26CB7-1EC2-46F1-A460-3605C54779B9}.Release|Any CPU.Build.0 = Release|Any CPU
		{E3613B04-D712-48DE-908A-FED3B6CC5765}.Debug|Any CPU.ActiveCfg = Debug|Any CPU
		{E3613B04-D712-48DE-908A-FED3B6CC5765}.Debug|Any CPU.Build.0 = Debug|Any CPU
		{E3613B04-D712-48DE-908A-FED3B6CC5765}.Release|Any CPU.ActiveCfg = Release|Any CPU
		{E3613B04-D712-48DE-908A-FED3B6CC5765}.Release|Any CPU.Build.0 = Release|Any CPU
	EndGlobalSection
	GlobalSection(SolutionProperties) = preSolution
		HideSolutionNode = FALSE
	EndGlobalSection
	GlobalSection(ExtensibilityGlobals) = postSolution
		SolutionGuid = {80F47E2C-9DD2-48EF-895D-EF686C3E6B54}
	EndGlobalSection
EndGlobal
